{"is_source_file": false, "format": "", "description": "", "external_files": [], "external_methods": [], "published": [], "classes": [], "methods": [], "calls": [], "search-terms": [], "state": 2, "file_id": 109, "knowledge_revision": 242, "git_revision": "", "hash": "a6da3405549a7a2a3b5c50033341ce7f", "format-version": 4, "code-base-name": "default", "filename": "financetrack_pro/macos/Runner.xcodeproj/xcshareddata/xcschemes/Runner.xcscheme", "revision_history": [{"242": ""}]}