{"is_source_file": false, "format": "", "description": "", "external_files": [], "external_methods": [], "published": [], "classes": [], "methods": [], "calls": [], "search-terms": [], "state": 2, "file_id": 108, "knowledge_revision": 249, "git_revision": "", "hash": "97973336afd8298e319ff28078ba5e68", "format-version": 4, "code-base-name": "default", "filename": "financetrack_pro/macos/Runner.xcodeproj/project.pbxproj", "revision_history": [{"249": ""}]}