{"is_source_file": false, "format": "", "description": "", "external_files": [], "external_methods": [], "published": [], "classes": [], "methods": [], "calls": [], "search-terms": [], "state": 2, "file_id": 4, "knowledge_revision": 143, "git_revision": "", "hash": "3e22c56f94addae6eeb6060daf1daf35", "format-version": 4, "code-base-name": "default", "filename": "financetrack_pro/ios/Runner.xcodeproj/project.pbxproj", "revision_history": [{"143": ""}]}